
Microsoft Visual Studio Solution File, Format Version 12.00
# Visual Studio Version 17
VisualStudioVersion = 17.5.33530.505
MinimumVisualStudioVersion = 10.0.40219.1
Project("{FAE04EC0-301F-11D3-BF4B-00C04F79EFBC}") = "KMU.Wpf", "KMU.Wpf\KMU.Wpf.csproj", "{736CB0A5-F00D-4B85-8E19-32ED8CAFDE15}"
EndProject
Project("{FAE04EC0-301F-11D3-BF4B-00C04F79EFBC}") = "KMU.Data", "KMU.Data\KMU.Data.csproj", "{A58FE1F9-E273-486A-B358-80FE29BFD423}"
EndProject
Project("{FAE04EC0-301F-11D3-BF4B-00C04F79EFBC}") = "KMU.Code", "KMU.Code\KMU.Code.csproj", "{1C175AF6-11BD-49BC-A3CB-466E421186DE}"
EndProject
Global
	GlobalSection(SolutionConfigurationPlatforms) = preSolution
		Debug|Any CPU = Debug|Any CPU
		Release|Any CPU = Release|Any CPU
	EndGlobalSection
	GlobalSection(ProjectConfigurationPlatforms) = postSolution
		{736CB0A5-F00D-4B85-8E19-32ED8CAFDE15}.Debug|Any CPU.ActiveCfg = Debug|Any CPU
		{736CB0A5-F00D-4B85-8E19-32ED8CAFDE15}.Debug|Any CPU.Build.0 = Debug|Any CPU
		{736CB0A5-F00D-4B85-8E19-32ED8CAFDE15}.Release|Any CPU.ActiveCfg = Release|Any CPU
		{736CB0A5-F00D-4B85-8E19-32ED8CAFDE15}.Release|Any CPU.Build.0 = Release|Any CPU
		{A58FE1F9-E273-486A-B358-80FE29BFD423}.Debug|Any CPU.ActiveCfg = Debug|Any CPU
		{A58FE1F9-E273-486A-B358-80FE29BFD423}.Debug|Any CPU.Build.0 = Debug|Any CPU
		{A58FE1F9-E273-486A-B358-80FE29BFD423}.Release|Any CPU.ActiveCfg = Release|Any CPU
		{A58FE1F9-E273-486A-B358-80FE29BFD423}.Release|Any CPU.Build.0 = Release|Any CPU
		{1C175AF6-11BD-49BC-A3CB-466E421186DE}.Debug|Any CPU.ActiveCfg = Debug|Any CPU
		{1C175AF6-11BD-49BC-A3CB-466E421186DE}.Debug|Any CPU.Build.0 = Debug|Any CPU
		{1C175AF6-11BD-49BC-A3CB-466E421186DE}.Release|Any CPU.ActiveCfg = Release|Any CPU
		{1C175AF6-11BD-49BC-A3CB-466E421186DE}.Release|Any CPU.Build.0 = Release|Any CPU
	EndGlobalSection
	GlobalSection(SolutionProperties) = preSolution
		HideSolutionNode = FALSE
	EndGlobalSection
	GlobalSection(ExtensibilityGlobals) = postSolution
		SolutionGuid = {83EEE849-99A9-4B7D-88BB-D0B28A0173ED}
	EndGlobalSection
EndGlobal
